
Microsoft Visual Studio Solution File, Format Version 12.00
# Visual Studio Version 17
VisualStudioVersion = 17.4.33213.308
MinimumVisualStudioVersion = 10.0.40219.1
Project("{8BC9CEB8-8B4A-11D0-8D11-00A0C91BC942}") = "prueba", "prueba\prueba.vcxproj", "{052A88A6-1002-4E37-91A0-0FFA485D3557}"
EndProject
Global
	GlobalSection(SolutionConfigurationPlatforms) = preSolution
		Debug|x64 = Debug|x64
		Debug|x86 = Debug|x86
		Release|x64 = Release|x64
		Release|x86 = Release|x86
	EndGlobalSection
	GlobalSection(ProjectConfigurationPlatforms) = postSolution
		{052A88A6-1002-4E37-91A0-0FFA485D3557}.Debug|x64.ActiveCfg = Debug|x64
		{052A88A6-1002-4E37-91A0-0FFA485D3557}.Debug|x64.Build.0 = Debug|x64
		{052A88A6-1002-4E37-91A0-0FFA485D3557}.Debug|x86.ActiveCfg = Debug|Win32
		{052A88A6-1002-4E37-91A0-0FFA485D3557}.Debug|x86.Build.0 = Debug|Win32
		{052A88A6-1002-4E37-91A0-0FFA485D3557}.Release|x64.ActiveCfg = Release|x64
		{052A88A6-1002-4E37-91A0-0FFA485D3557}.Release|x64.Build.0 = Release|x64
		{052A88A6-1002-4E37-91A0-0FFA485D3557}.Release|x86.ActiveCfg = Release|Win32
		{052A88A6-1002-4E37-91A0-0FFA485D3557}.Release|x86.Build.0 = Release|Win32
	EndGlobalSection
	GlobalSection(SolutionProperties) = preSolution
		HideSolutionNode = FALSE
	EndGlobalSection
	GlobalSection(ExtensibilityGlobals) = postSolution
		SolutionGuid = {75AA7F07-70FD-46F0-8750-327DFB9E9BE0}
	EndGlobalSection
EndGlobal
